
Microsoft Visual Studio Solution File, Format Version 12.00
# Visual Studio Version 17
VisualStudioVersion = 17.4.33213.308
MinimumVisualStudioVersion = 10.0.40219.1
Project("{FAE04EC0-301F-11D3-BF4B-00C04F79EFBC}") = "HW_4.3_CreatingDB", "HW_4.3_CreatingDB.csproj", "{BF45BCD5-2DE5-47D8-8558-63CE4B1C075A}"
EndProject
Global
	GlobalSection(SolutionConfigurationPlatforms) = preSolution
		Debug|Any CPU = Debug|Any CPU
		Release|Any CPU = Release|Any CPU
	EndGlobalSection
	GlobalSection(ProjectConfigurationPlatforms) = postSolution
		{BF45BCD5-2DE5-47D8-8558-63CE4B1C075A}.Debug|Any CPU.ActiveCfg = Debug|Any CPU
		{BF45BCD5-2DE5-47D8-8558-63CE4B1C075A}.Debug|Any CPU.Build.0 = Debug|Any CPU
		{BF45BCD5-2DE5-47D8-8558-63CE4B1C075A}.Release|Any CPU.ActiveCfg = Release|Any CPU
		{BF45BCD5-2DE5-47D8-8558-63CE4B1C075A}.Release|Any CPU.Build.0 = Release|Any CPU
	EndGlobalSection
	GlobalSection(SolutionProperties) = preSolution
		HideSolutionNode = FALSE
	EndGlobalSection
	GlobalSection(ExtensibilityGlobals) = postSolution
		SolutionGuid = {D7B2C86B-FBF3-4C60-8535-E035D3745117}
	EndGlobalSection
EndGlobal
